
Microsoft Visual Studio Solution File, Format Version 12.00
# Visual Studio 14
VisualStudioVersion = 14.0.25420.1
MinimumVisualStudioVersion = 10.0.40219.1
Project("{FAE04EC0-301F-11D3-BF4B-00C04F79EFBC}") = "Ent-Vision-Procurement.Web", "Ent-Vision-Procurement.Web\Ent-Vision-Procurement.Web.csproj", "{6E3E034C-AEBD-408E-875D-E0BD09877C9F}"
EndProject
Project("{FAE04EC0-301F-11D3-BF4B-00C04F79EFBC}") = "Ent-Vision-Procurement.WebAPI", "Ent-Vision-Procurement.WebAPI\Ent-Vision-Procurement.WebAPI.csproj", "{44687808-7C87-477A-9D44-FA321B5D09B1}"
EndProject
Project("{FAE04EC0-301F-11D3-BF4B-00C04F79EFBC}") = "Ent-Vision-Procurement.Model", "Ent-Vision-Procurement.Model\Ent-Vision-Procurement.Model.csproj", "{052FFBE1-1208-4361-9251-5494A32E7AC9}"
EndProject
Project("{FAE04EC0-301F-11D3-BF4B-00C04F79EFBC}") = "Ent-Vision-Procurement.DAL", "Ent-Vision-Procurement.DAL\Ent-Vision-Procurement.DAL.csproj", "{658A9240-1E53-497D-A4A9-776F066A623D}"
EndProject
Project("{FAE04EC0-301F-11D3-BF4B-00C04F79EFBC}") = "Ent-Vision-Procurement.Repository", "Ent-Vision-Procurement.Repository\Ent-Vision-Procurement.Repository.csproj", "{EA2EE538-C58B-49DE-8667-388B2DD2DE31}"
EndProject
Global
	GlobalSection(SolutionConfigurationPlatforms) = preSolution
		Debug|Any CPU = Debug|Any CPU
		Release|Any CPU = Release|Any CPU
	EndGlobalSection
	GlobalSection(ProjectConfigurationPlatforms) = postSolution
		{6E3E034C-AEBD-408E-875D-E0BD09877C9F}.Debug|Any CPU.ActiveCfg = Debug|Any CPU
		{6E3E034C-AEBD-408E-875D-E0BD09877C9F}.Debug|Any CPU.Build.0 = Debug|Any CPU
		{6E3E034C-AEBD-408E-875D-E0BD09877C9F}.Release|Any CPU.ActiveCfg = Release|Any CPU
		{6E3E034C-AEBD-408E-875D-E0BD09877C9F}.Release|Any CPU.Build.0 = Release|Any CPU
		{44687808-7C87-477A-9D44-FA321B5D09B1}.Debug|Any CPU.ActiveCfg = Debug|Any CPU
		{44687808-7C87-477A-9D44-FA321B5D09B1}.Debug|Any CPU.Build.0 = Debug|Any CPU
		{44687808-7C87-477A-9D44-FA321B5D09B1}.Release|Any CPU.ActiveCfg = Release|Any CPU
		{44687808-7C87-477A-9D44-FA321B5D09B1}.Release|Any CPU.Build.0 = Release|Any CPU
		{052FFBE1-1208-4361-9251-5494A32E7AC9}.Debug|Any CPU.ActiveCfg = Debug|Any CPU
		{052FFBE1-1208-4361-9251-5494A32E7AC9}.Debug|Any CPU.Build.0 = Debug|Any CPU
		{052FFBE1-1208-4361-9251-5494A32E7AC9}.Release|Any CPU.ActiveCfg = Release|Any CPU
		{052FFBE1-1208-4361-9251-5494A32E7AC9}.Release|Any CPU.Build.0 = Release|Any CPU
		{658A9240-1E53-497D-A4A9-776F066A623D}.Debug|Any CPU.ActiveCfg = Debug|Any CPU
		{658A9240-1E53-497D-A4A9-776F066A623D}.Debug|Any CPU.Build.0 = Debug|Any CPU
		{658A9240-1E53-497D-A4A9-776F066A623D}.Release|Any CPU.ActiveCfg = Release|Any CPU
		{658A9240-1E53-497D-A4A9-776F066A623D}.Release|Any CPU.Build.0 = Release|Any CPU
		{EA2EE538-C58B-49DE-8667-388B2DD2DE31}.Debug|Any CPU.ActiveCfg = Debug|Any CPU
		{EA2EE538-C58B-49DE-8667-388B2DD2DE31}.Debug|Any CPU.Build.0 = Debug|Any CPU
		{EA2EE538-C58B-49DE-8667-388B2DD2DE31}.Release|Any CPU.ActiveCfg = Release|Any CPU
		{EA2EE538-C58B-49DE-8667-388B2DD2DE31}.Release|Any CPU.Build.0 = Release|Any CPU
	EndGlobalSection
	GlobalSection(SolutionProperties) = preSolution
		HideSolutionNode = FALSE
	EndGlobalSection
	GlobalSection(ExtensibilityGlobals) = postSolution
		SolutionGuid = {16A492B2-C114-4E83-94FD-87AC84B3E8C5}
	EndGlobalSection
EndGlobal
